// !$*UTF8*$!
{
	archiveVersion = 1;
	classes = {
	};
	objectVersion = 56;
	objects = {

/* Begin PBXBuildFile section */
		9A4FC9482C28ACDE00A4ADF9 /* content.swift in Sources */ = {isa = PBXBuildFile; fileRef = 9A4FC9472C28ACDE00A4ADF9 /* content.swift */; };
		9AEA6C662C1D200C001DBA4A /* diaBeatItApp.swift in Sources */ = {isa = PBXBuildFile; fileRef = 9AEA6C652C1D200C001DBA4A /* diaBeatItApp.swift */; };
		9AEA6C6A2C1D200D001DBA4A /* Assets.xcassets in Resources */ = {isa = PBXBuildFile; fileRef = 9AEA6C692C1D200D001DBA4A /* Assets.xcassets */; };
		9AEA6C6D2C1D200D001DBA4A /* Preview Assets.xcassets in Resources */ = {isa = PBXBuildFile; fileRef = 9AEA6C6C2C1D200D001DBA4A /* Preview Assets.xcassets */; };
		9AEA6C772C1D200D001DBA4A /* diaBeatItTests.swift in Sources */ = {isa = PBXBuildFile; fileRef = 9AEA6C762C1D200D001DBA4A /* diaBeatItTests.swift */; };
		9AEA6C812C1D200D001DBA4A /* diaBeatItUITests.swift in Sources */ = {isa = PBXBuildFile; fileRef = 9AEA6C802C1D200D001DBA4A /* diaBeatItUITests.swift */; };
		9AEA6C832C1D200D001DBA4A /* diaBeatItUITestsLaunchTests.swift in Sources */ = {isa = PBXBuildFile; fileRef = 9AEA6C822C1D200D001DBA4A /* diaBeatItUITestsLaunchTests.swift */; };
/* End PBXBuildFile section */

/* Begin PBXContainerItemProxy section */
		9AEA6C732C1D200D001DBA4A /* PBXContainerItemProxy */ = {
			isa = PBXContainerItemProxy;
			containerPortal = 9AEA6C5A2C1D200C001DBA4A /* Project object */;
			proxyType = 1;
			remoteGlobalIDString = 9AEA6C612C1D200C001DBA4A;
			remoteInfo = diaBeatIt;
		};
		9AEA6C7D2C1D200D001DBA4A /* PBXContainerItemProxy */ = {
			isa = PBXContainerItemProxy;
			containerPortal = 9AEA6C5A2C1D200C001DBA4A /* Project object */;
			proxyType = 1;
			remoteGlobalIDString = 9AEA6C612C1D200C001DBA4A;
			remoteInfo = diaBeatIt;
		};
/* End PBXContainerItemProxy section */

/* Begin PBXFileReference section */
		9A4FC9472C28ACDE00A4ADF9 /* content.swift */ = {isa = PBXFileReference; lastKnownFileType = sourcecode.swift; path = content.swift; sourceTree = "<group>"; };
		9AEA6C622C1D200C001DBA4A /* dontDiaQuick.app */ = {isa = PBXFileReference; explicitFileType = wrapper.application; includeInIndex = 0; path = dontDiaQuick.app; sourceTree = BUILT_PRODUCTS_DIR; };
		9AEA6C652C1D200C001DBA4A /* diaBeatItApp.swift */ = {isa = PBXFileReference; lastKnownFileType = sourcecode.swift; path = diaBeatItApp.swift; sourceTree = "<group>"; };
		9AEA6C692C1D200D001DBA4A /* Assets.xcassets */ = {isa = PBXFileReference; lastKnownFileType = folder.assetcatalog; path = Assets.xcassets; sourceTree = "<group>"; };
		9AEA6C6C2C1D200D001DBA4A /* Preview Assets.xcassets */ = {isa = PBXFileReference; lastKnownFileType = folder.assetcatalog; path = "Preview Assets.xcassets"; sourceTree = "<group>"; };
		9AEA6C722C1D200D001DBA4A /* dontDiaQuickTests.xctest */ = {isa = PBXFileReference; explicitFileType = wrapper.cfbundle; includeInIndex = 0; path = dontDiaQuickTests.xctest; sourceTree = BUILT_PRODUCTS_DIR; };
		9AEA6C762C1D200D001DBA4A /* diaBeatItTests.swift */ = {isa = PBXFileReference; lastKnownFileType = sourcecode.swift; path = diaBeatItTests.swift; sourceTree = "<group>"; };
		9AEA6C7C2C1D200D001DBA4A /* dontDiaQuickUITests.xctest */ = {isa = PBXFileReference; explicitFileType = wrapper.cfbundle; includeInIndex = 0; path = dontDiaQuickUITests.xctest; sourceTree = BUILT_PRODUCTS_DIR; };
		9AEA6C802C1D200D001DBA4A /* diaBeatItUITests.swift */ = {isa = PBXFileReference; lastKnownFileType = sourcecode.swift; path = diaBeatItUITests.swift; sourceTree = "<group>"; };
		9AEA6C822C1D200D001DBA4A /* diaBeatItUITestsLaunchTests.swift */ = {isa = PBXFileReference; lastKnownFileType = sourcecode.swift; path = diaBeatItUITestsLaunchTests.swift; sourceTree = "<group>"; };
/* End PBXFileReference section */

/* Begin PBXFrameworksBuildPhase section */
		9AEA6C5F2C1D200C001DBA4A /* Frameworks */ = {
			isa = PBXFrameworksBuildPhase;
			buildActionMask = 2147483647;
			files = (
			);
			runOnlyForDeploymentPostprocessing = 0;
		};
		9AEA6C6F2C1D200D001DBA4A /* Frameworks */ = {
			isa = PBXFrameworksBuildPhase;
			buildActionMask = 2147483647;
			files = (
			);
			runOnlyForDeploymentPostprocessing = 0;
		};
		9AEA6C792C1D200D001DBA4A /* Frameworks */ = {
			isa = PBXFrameworksBuildPhase;
			buildActionMask = 2147483647;
			files = (
			);
			runOnlyForDeploymentPostprocessing = 0;
		};
/* End PBXFrameworksBuildPhase section */

/* Begin PBXGroup section */
		9AEA6C592C1D200C001DBA4A = {
			isa = PBXGroup;
			children = (
				9AEA6C642C1D200C001DBA4A /* diaBeatIt */,
				9AEA6C752C1D200D001DBA4A /* diaBeatItTests */,
				9AEA6C7F2C1D200D001DBA4A /* diaBeatItUITests */,
				9AEA6C632C1D200C001DBA4A /* Products */,
			);
			sourceTree = "<group>";
		};
		9AEA6C632C1D200C001DBA4A /* Products */ = {
			isa = PBXGroup;
			children = (
				9AEA6C622C1D200C001DBA4A /* dontDiaQuick.app */,
				9AEA6C722C1D200D001DBA4A /* dontDiaQuickTests.xctest */,
				9AEA6C7C2C1D200D001DBA4A /* dontDiaQuickUITests.xctest */,
			);
			name = Products;
			sourceTree = "<group>";
		};
		9AEA6C642C1D200C001DBA4A /* diaBeatIt */ = {
			isa = PBXGroup;
			children = (
				9AEA6C652C1D200C001DBA4A /* diaBeatItApp.swift */,
				9A4FC9472C28ACDE00A4ADF9 /* content.swift */,
				9AEA6C692C1D200D001DBA4A /* Assets.xcassets */,
				9AEA6C6B2C1D200D001DBA4A /* Preview Content */,
			);
			path = diaBeatIt;
			sourceTree = "<group>";
		};
		9AEA6C6B2C1D200D001DBA4A /* Preview Content */ = {
			isa = PBXGroup;
			children = (
				9AEA6C6C2C1D200D001DBA4A /* Preview Assets.xcassets */,
			);
			path = "Preview Content";
			sourceTree = "<group>";
		};
		9AEA6C752C1D200D001DBA4A /* diaBeatItTests */ = {
			isa = PBXGroup;
			children = (
				9AEA6C762C1D200D001DBA4A /* diaBeatItTests.swift */,
			);
			path = diaBeatItTests;
			sourceTree = "<group>";
		};
		9AEA6C7F2C1D200D001DBA4A /* diaBeatItUITests */ = {
			isa = PBXGroup;
			children = (
				9AEA6C802C1D200D001DBA4A /* diaBeatItUITests.swift */,
				9AEA6C822C1D200D001DBA4A /* diaBeatItUITestsLaunchTests.swift */,
			);
			path = diaBeatItUITests;
			sourceTree = "<group>";
		};
/* End PBXGroup section */

/* Begin PBXNativeTarget section */
		9AEA6C612C1D200C001DBA4A /* dontDiaQuick */ = {
			isa = PBXNativeTarget;
			buildConfigurationList = 9AEA6C862C1D200D001DBA4A /* Build configuration list for PBXNativeTarget "dontDiaQuick" */;
			buildPhases = (
				9AEA6C5E2C1D200C001DBA4A /* Sources */,
				9AEA6C5F2C1D200C001DBA4A /* Frameworks */,
				9AEA6C602C1D200C001DBA4A /* Resources */,
			);
			buildRules = (
			);
			dependencies = (
			);
			name = dontDiaQuick;
			productName = diaBeatIt;
			productReference = 9AEA6C622C1D200C001DBA4A /* dontDiaQuick.app */;
			productType = "com.apple.product-type.application";
		};
		9AEA6C712C1D200D001DBA4A /* dontDiaQuickTests */ = {
			isa = PBXNativeTarget;
			buildConfigurationList = 9AEA6C892C1D200D001DBA4A /* Build configuration list for PBXNativeTarget "dontDiaQuickTests" */;
			buildPhases = (
				9AEA6C6E2C1D200D001DBA4A /* Sources */,
				9AEA6C6F2C1D200D001DBA4A /* Frameworks */,
				9AEA6C702C1D200D001DBA4A /* Resources */,
			);
			buildRules = (
			);
			dependencies = (
				9AEA6C742C1D200D001DBA4A /* PBXTargetDependency */,
			);
			name = dontDiaQuickTests;
			productName = diaBeatItTests;
			productReference = 9AEA6C722C1D200D001DBA4A /* dontDiaQuickTests.xctest */;
			productType = "com.apple.product-type.bundle.unit-test";
		};
		9AEA6C7B2C1D200D001DBA4A /* dontDiaQuickUITests */ = {
			isa = PBXNativeTarget;
			buildConfigurationList = 9AEA6C8C2C1D200D001DBA4A /* Build configuration list for PBXNativeTarget "dontDiaQuickUITests" */;
			buildPhases = (
				9AEA6C782C1D200D001DBA4A /* Sources */,
				9AEA6C792C1D200D001DBA4A /* Frameworks */,
				9AEA6C7A2C1D200D001DBA4A /* Resources */,
			);
			buildRules = (
			);
			dependencies = (
				9AEA6C7E2C1D200D001DBA4A /* PBXTargetDependency */,
			);
			name = dontDiaQuickUITests;
			productName = diaBeatItUITests;
			productReference = 9AEA6C7C2C1D200D001DBA4A /* dontDiaQuickUITests.xctest */;
			productType = "com.apple.product-type.bundle.ui-testing";
		};
/* End PBXNativeTarget section */

/* Begin PBXProject section */
		9AEA6C5A2C1D200C001DBA4A /* Project object */ = {
			isa = PBXProject;
			attributes = {
				BuildIndependentTargetsInParallel = 1;
				LastSwiftUpdateCheck = 1520;
				LastUpgradeCheck = 1520;
				TargetAttributes = {
					9AEA6C612C1D200C001DBA4A = {
						CreatedOnToolsVersion = 15.2;
					};
					9AEA6C712C1D200D001DBA4A = {
						CreatedOnToolsVersion = 15.2;
						TestTargetID = 9AEA6C612C1D200C001DBA4A;
					};
					9AEA6C7B2C1D200D001DBA4A = {
						CreatedOnToolsVersion = 15.2;
						TestTargetID = 9AEA6C612C1D200C001DBA4A;
					};
				};
			};
			buildConfigurationList = 9AEA6C5D2C1D200C001DBA4A /* Build configuration list for PBXProject "dontDiaQuick" */;
			compatibilityVersion = "Xcode 14.0";
			developmentRegion = en;
			hasScannedForEncodings = 0;
			knownRegions = (
				en,
				Base,
			);
			mainGroup = 9AEA6C592C1D200C001DBA4A;
			productRefGroup = 9AEA6C632C1D200C001DBA4A /* Products */;
			projectDirPath = "";
			projectRoot = "";
			targets = (
				9AEA6C612C1D200C001DBA4A /* dontDiaQuick */,
				9AEA6C712C1D200D001DBA4A /* dontDiaQuickTests */,
				9AEA6C7B2C1D200D001DBA4A /* dontDiaQuickUITests */,
			);
		};
/* End PBXProject section */

/* Begin PBXResourcesBuildPhase section */
		9AEA6C602C1D200C001DBA4A /* Resources */ = {
			isa = PBXResourcesBuildPhase;
			buildActionMask = 2147483647;
			files = (
				9AEA6C6D2C1D200D001DBA4A /* Preview Assets.xcassets in Resources */,
				9AEA6C6A2C1D200D001DBA4A /* Assets.xcassets in Resources */,
			);
			runOnlyForDeploymentPostprocessing = 0;
		};
		9AEA6C702C1D200D001DBA4A /* Resources */ = {
			isa = PBXResourcesBuildPhase;
			buildActionMask = 2147483647;
			files = (
			);
			runOnlyForDeploymentPostprocessing = 0;
		};
		9AEA6C7A2C1D200D001DBA4A /* Resources */ = {
			isa = PBXResourcesBuildPhase;
			buildActionMask = 2147483647;
			files = (
			);
			runOnlyForDeploymentPostprocessing = 0;
		};
/* End PBXResourcesBuildPhase section */

/* Begin PBXSourcesBuildPhase section */
		9AEA6C5E2C1D200C001DBA4A /* Sources */ = {
			isa = PBXSourcesBuildPhase;
			buildActionMask = 2147483647;
			files = (
				9A4FC9482C28ACDE00A4ADF9 /* content.swift in Sources */,
				9AEA6C662C1D200C001DBA4A /* diaBeatItApp.swift in Sources */,
			);
			runOnlyForDeploymentPostprocessing = 0;
		};
		9AEA6C6E2C1D200D001DBA4A /* Sources */ = {
			isa = PBXSourcesBuildPhase;
			buildActionMask = 2147483647;
			files = (
				9AEA6C772C1D200D001DBA4A /* diaBeatItTests.swift in Sources */,
			);
			runOnlyForDeploymentPostprocessing = 0;
		};
		9AEA6C782C1D200D001DBA4A /* Sources */ = {
			isa = PBXSourcesBuildPhase;
			buildActionMask = 2147483647;
			files = (
				9AEA6C832C1D200D001DBA4A /* diaBeatItUITestsLaunchTests.swift in Sources */,
				9AEA6C812C1D200D001DBA4A /* diaBeatItUITests.swift in Sources */,
			);
			runOnlyForDeploymentPostprocessing = 0;
		};
/* End PBXSourcesBuildPhase section */

/* Begin PBXTargetDependency section */
		9AEA6C742C1D200D001DBA4A /* PBXTargetDependency */ = {
			isa = PBXTargetDependency;
			target = 9AEA6C612C1D200C001DBA4A /* dontDiaQuick */;
			targetProxy = 9AEA6C732C1D200D001DBA4A /* PBXContainerItemProxy */;
		};
		9AEA6C7E2C1D200D001DBA4A /* PBXTargetDependency */ = {
			isa = PBXTargetDependency;
			target = 9AEA6C612C1D200C001DBA4A /* dontDiaQuick */;
			targetProxy = 9AEA6C7D2C1D200D001DBA4A /* PBXContainerItemProxy */;
		};
/* End PBXTargetDependency section */

/* Begin XCBuildConfiguration section */
		9AEA6C842C1D200D001DBA4A /* Debug */ = {
			isa = XCBuildConfiguration;
			buildSettings = {
				ALWAYS_SEARCH_USER_PATHS = NO;
				ASSETCATALOG_COMPILER_GENERATE_SWIFT_ASSET_SYMBOL_EXTENSIONS = YES;
				CLANG_ANALYZER_NONNULL = YES;
				CLANG_ANALYZER_NUMBER_OBJECT_CONVERSION = YES_AGGRESSIVE;
				CLANG_CXX_LANGUAGE_STANDARD = "gnu++20";
				CLANG_ENABLE_MODULES = YES;
				CLANG_ENABLE_OBJC_ARC = YES;
				CLANG_ENABLE_OBJC_WEAK = YES;
				CLANG_WARN_BLOCK_CAPTURE_AUTORELEASING = YES;
				CLANG_WARN_BOOL_CONVERSION = YES;
				CLANG_WARN_COMMA = YES;
				CLANG_WARN_CONSTANT_CONVERSION = YES;
				CLANG_WARN_DEPRECATED_OBJC_IMPLEMENTATIONS = YES;
				CLANG_WARN_DIRECT_OBJC_ISA_USAGE = YES_ERROR;
				CLANG_WARN_DOCUMENTATION_COMMENTS = YES;
				CLANG_WARN_EMPTY_BODY = YES;
				CLANG_WARN_ENUM_CONVERSION = YES;
				CLANG_WARN_INFINITE_RECURSION = YES;
				CLANG_WARN_INT_CONVERSION = YES;
				CLANG_WARN_NON_LITERAL_NULL_CONVERSION = YES;
				CLANG_WARN_OBJC_IMPLICIT_RETAIN_SELF = YES;
				CLANG_WARN_OBJC_LITERAL_CONVERSION = YES;
				CLANG_WARN_OBJC_ROOT_CLASS = YES_ERROR;
				CLANG_WARN_QUOTED_INCLUDE_IN_FRAMEWORK_HEADER = YES;
				CLANG_WARN_RANGE_LOOP_ANALYSIS = YES;
				CLANG_WARN_STRICT_PROTOTYPES = YES;
				CLANG_WARN_SUSPICIOUS_MOVE = YES;
				CLANG_WARN_UNGUARDED_AVAILABILITY = YES_AGGRESSIVE;
				CLANG_WARN_UNREACHABLE_CODE = YES;
				CLANG_WARN__DUPLICATE_METHOD_MATCH = YES;
				COPY_PHASE_STRIP = NO;
				DEBUG_INFORMATION_FORMAT = dwarf;
				ENABLE_STRICT_OBJC_MSGSEND = YES;
				ENABLE_TESTABILITY = YES;
				ENABLE_USER_SCRIPT_SANDBOXING = YES;
				GCC_C_LANGUAGE_STANDARD = gnu17;
				GCC_DYNAMIC_NO_PIC = NO;
				GCC_NO_COMMON_BLOCKS = YES;
				GCC_OPTIMIZATION_LEVEL = 0;
				GCC_PREPROCESSOR_DEFINITIONS = (
					"DEBUG=1",
					"$(inherited)",
				);
				GCC_WARN_64_TO_32_BIT_CONVERSION = YES;
				GCC_WARN_ABOUT_RETURN_TYPE = YES_ERROR;
				GCC_WARN_UNDECLARED_SELECTOR = YES;
				GCC_WARN_UNINITIALIZED_AUTOS = YES_AGGRESSIVE;
				GCC_WARN_UNUSED_FUNCTION = YES;
				GCC_WARN_UNUSED_VARIABLE = YES;
				IPHONEOS_DEPLOYMENT_TARGET = 17.2;
				LOCALIZATION_PREFERS_STRING_CATALOGS = YES;
				MTL_ENABLE_DEBUG_INFO = INCLUDE_SOURCE;
				MTL_FAST_MATH = YES;
				ONLY_ACTIVE_ARCH = YES;
				SDKROOT = iphoneos;
				SWIFT_ACTIVE_COMPILATION_CONDITIONS = "DEBUG $(inherited)";
				SWIFT_OPTIMIZATION_LEVEL = "-Onone";
			};
			name = Debug;
		};
		9AEA6C852C1D200D001DBA4A /* Release */ = {
			isa = XCBuildConfiguration;
			buildSettings = {
				ALWAYS_SEARCH_USER_PATHS = NO;
				ASSETCATALOG_COMPILER_GENERATE_SWIFT_ASSET_SYMBOL_EXTENSIONS = YES;
				CLANG_ANALYZER_NONNULL = YES;
				CLANG_ANALYZER_NUMBER_OBJECT_CONVERSION = YES_AGGRESSIVE;
				CLANG_CXX_LANGUAGE_STANDARD = "gnu++20";
				CLANG_ENABLE_MODULES = YES;
				CLANG_ENABLE_OBJC_ARC = YES;
				CLANG_ENABLE_OBJC_WEAK = YES;
				CLANG_WARN_BLOCK_CAPTURE_AUTORELEASING = YES;
				CLANG_WARN_BOOL_CONVERSION = YES;
				CLANG_WARN_COMMA = YES;
				CLANG_WARN_CONSTANT_CONVERSION = YES;
				CLANG_WARN_DEPRECATED_OBJC_IMPLEMENTATIONS = YES;
				CLANG_WARN_DIRECT_OBJC_ISA_USAGE = YES_ERROR;
				CLANG_WARN_DOCUMENTATION_COMMENTS = YES;
				CLANG_WARN_EMPTY_BODY = YES;
				CLANG_WARN_ENUM_CONVERSION = YES;
				CLANG_WARN_INFINITE_RECURSION = YES;
				CLANG_WARN_INT_CONVERSION = YES;
				CLANG_WARN_NON_LITERAL_NULL_CONVERSION = YES;
				CLANG_WARN_OBJC_IMPLICIT_RETAIN_SELF = YES;
				CLANG_WARN_OBJC_LITERAL_CONVERSION = YES;
				CLANG_WARN_OBJC_ROOT_CLASS = YES_ERROR;
				CLANG_WARN_QUOTED_INCLUDE_IN_FRAMEWORK_HEADER = YES;
				CLANG_WARN_RANGE_LOOP_ANALYSIS = YES;
				CLANG_WARN_STRICT_PROTOTYPES = YES;
				CLANG_WARN_SUSPICIOUS_MOVE = YES;
				CLANG_WARN_UNGUARDED_AVAILABILITY = YES_AGGRESSIVE;
				CLANG_WARN_UNREACHABLE_CODE = YES;
				CLANG_WARN__DUPLICATE_METHOD_MATCH = YES;
				COPY_PHASE_STRIP = NO;
				DEBUG_INFORMATION_FORMAT = "dwarf-with-dsym";
				ENABLE_NS_ASSERTIONS = NO;
				ENABLE_STRICT_OBJC_MSGSEND = YES;
				ENABLE_USER_SCRIPT_SANDBOXING = YES;
				GCC_C_LANGUAGE_STANDARD = gnu17;
				GCC_NO_COMMON_BLOCKS = YES;
				GCC_WARN_64_TO_32_BIT_CONVERSION = YES;
				GCC_WARN_ABOUT_RETURN_TYPE = YES_ERROR;
				GCC_WARN_UNDECLARED_SELECTOR = YES;
				GCC_WARN_UNINITIALIZED_AUTOS = YES_AGGRESSIVE;
				GCC_WARN_UNUSED_FUNCTION = YES;
				GCC_WARN_UNUSED_VARIABLE = YES;
				IPHONEOS_DEPLOYMENT_TARGET = 17.2;
				LOCALIZATION_PREFERS_STRING_CATALOGS = YES;
				MTL_ENABLE_DEBUG_INFO = NO;
				MTL_FAST_MATH = YES;
				SDKROOT = iphoneos;
				SWIFT_COMPILATION_MODE = wholemodule;
				VALIDATE_PRODUCT = YES;
			};
			name = Release;
		};
		9AEA6C872C1D200D001DBA4A /* Debug */ = {
			isa = XCBuildConfiguration;
			buildSettings = {
				ASSETCATALOG_COMPILER_APPICON_NAME = AppIcon;
				ASSETCATALOG_COMPILER_GLOBAL_ACCENT_COLOR_NAME = AccentColor;
				CODE_SIGN_STYLE = Automatic;
				CURRENT_PROJECT_VERSION = 1;
				DEVELOPMENT_ASSET_PATHS = "\"diaBeatIt/Preview Content\"";
				DEVELOPMENT_TEAM = 6L4F4V2XTM;
				ENABLE_PREVIEWS = YES;
				GENERATE_INFOPLIST_FILE = YES;
				INFOPLIST_KEY_UIApplicationSceneManifest_Generation = YES;
				INFOPLIST_KEY_UIApplicationSupportsIndirectInputEvents = YES;
				INFOPLIST_KEY_UILaunchScreen_Generation = YES;
				INFOPLIST_KEY_UISupportedInterfaceOrientations_iPad = "UIInterfaceOrientationPortrait UIInterfaceOrientationPortraitUpsideDown UIInterfaceOrientationLandscapeLeft UIInterfaceOrientationLandscapeRight";
				INFOPLIST_KEY_UISupportedInterfaceOrientations_iPhone = "UIInterfaceOrientationPortrait UIInterfaceOrientationLandscapeLeft UIInterfaceOrientationLandscapeRight";
				LD_RUNPATH_SEARCH_PATHS = (
					"$(inherited)",
					"@executable_path/Frameworks",
				);
				MARKETING_VERSION = 1.0;
				PRODUCT_BUNDLE_IDENTIFIER = MedQ.diaBeatIt;
				PRODUCT_NAME = "$(TARGET_NAME)";
				SWIFT_EMIT_LOC_STRINGS = YES;
				SWIFT_VERSION = 5.0;
				TARGETED_DEVICE_FAMILY = "1,2";
			};
			name = Debug;
		};
		9AEA6C882C1D200D001DBA4A /* Release */ = {
			isa = XCBuildConfiguration;
			buildSettings = {
				ASSETCATALOG_COMPILER_APPICON_NAME = AppIcon;
				ASSETCATALOG_COMPILER_GLOBAL_ACCENT_COLOR_NAME = AccentColor;
				CODE_SIGN_STYLE = Automatic;
				CURRENT_PROJECT_VERSION = 1;
				DEVELOPMENT_ASSET_PATHS = "\"diaBeatIt/Preview Content\"";
				DEVELOPMENT_TEAM = 6L4F4V2XTM;
				ENABLE_PREVIEWS = YES;
				GENERATE_INFOPLIST_FILE = YES;
				INFOPLIST_KEY_UIApplicationSceneManifest_Generation = YES;
				INFOPLIST_KEY_UIApplicationSupportsIndirectInputEvents = YES;
				INFOPLIST_KEY_UILaunchScreen_Generation = YES;
				INFOPLIST_KEY_UISupportedInterfaceOrientations_iPad = "UIInterfaceOrientationPortrait UIInterfaceOrientationPortraitUpsideDown UIInterfaceOrientationLandscapeLeft UIInterfaceOrientationLandscapeRight";
				INFOPLIST_KEY_UISupportedInterfaceOrientations_iPhone = "UIInterfaceOrientationPortrait UIInterfaceOrientationLandscapeLeft UIInterfaceOrientationLandscapeRight";
				LD_RUNPATH_SEARCH_PATHS = (
					"$(inherited)",
					"@executable_path/Frameworks",
				);
				MARKETING_VERSION = 1.0;
				PRODUCT_BUNDLE_IDENTIFIER = MedQ.diaBeatIt;
				PRODUCT_NAME = "$(TARGET_NAME)";
				SWIFT_EMIT_LOC_STRINGS = YES;
				SWIFT_VERSION = 5.0;
				TARGETED_DEVICE_FAMILY = "1,2";
			};
			name = Release;
		};
		9AEA6C8A2C1D200D001DBA4A /* Debug */ = {
			isa = XCBuildConfiguration;
			buildSettings = {
				ALWAYS_EMBED_SWIFT_STANDARD_LIBRARIES = YES;
				BUNDLE_LOADER = "$(TEST_HOST)";
				CODE_SIGN_STYLE = Automatic;
				CURRENT_PROJECT_VERSION = 1;
				DEVELOPMENT_TEAM = 6L4F4V2XTM;
				GENERATE_INFOPLIST_FILE = YES;
				IPHONEOS_DEPLOYMENT_TARGET = 17.2;
				MARKETING_VERSION = 1.0;
				PRODUCT_BUNDLE_IDENTIFIER = MedQ.diaBeatItTests;
				PRODUCT_NAME = "$(TARGET_NAME)";
				SWIFT_EMIT_LOC_STRINGS = NO;
				SWIFT_VERSION = 5.0;
				TARGETED_DEVICE_FAMILY = "1,2";
				TEST_HOST = "$(BUILT_PRODUCTS_DIR)/dontDiaQuick.app/$(BUNDLE_EXECUTABLE_FOLDER_PATH)/dontDiaQuick";
			};
			name = Debug;
		};
		9AEA6C8B2C1D200D001DBA4A /* Release */ = {
			isa = XCBuildConfiguration;
			buildSettings = {
				ALWAYS_EMBED_SWIFT_STANDARD_LIBRARIES = YES;
				BUNDLE_LOADER = "$(TEST_HOST)";
				CODE_SIGN_STYLE = Automatic;
				CURRENT_PROJECT_VERSION = 1;
				DEVELOPMENT_TEAM = 6L4F4V2XTM;
				GENERATE_INFOPLIST_FILE = YES;
				IPHONEOS_DEPLOYMENT_TARGET = 17.2;
				MARKETING_VERSION = 1.0;
				PRODUCT_BUNDLE_IDENTIFIER = MedQ.diaBeatItTests;
				PRODUCT_NAME = "$(TARGET_NAME)";
				SWIFT_EMIT_LOC_STRINGS = NO;
				SWIFT_VERSION = 5.0;
				TARGETED_DEVICE_FAMILY = "1,2";
				TEST_HOST = "$(BUILT_PRODUCTS_DIR)/dontDiaQuick.app/$(BUNDLE_EXECUTABLE_FOLDER_PATH)/dontDiaQuick";
			};
			name = Release;
		};
		9AEA6C8D2C1D200D001DBA4A /* Debug */ = {
			isa = XCBuildConfiguration;
			buildSettings = {
				ALWAYS_EMBED_SWIFT_STANDARD_LIBRARIES = YES;
				CODE_SIGN_STYLE = Automatic;
				CURRENT_PROJECT_VERSION = 1;
				DEVELOPMENT_TEAM = 6L4F4V2XTM;
				GENERATE_INFOPLIST_FILE = YES;
				MARKETING_VERSION = 1.0;
				PRODUCT_BUNDLE_IDENTIFIER = MedQ.diaBeatItUITests;
				PRODUCT_NAME = "$(TARGET_NAME)";
				SWIFT_EMIT_LOC_STRINGS = NO;
				SWIFT_VERSION = 5.0;
				TARGETED_DEVICE_FAMILY = "1,2";
				TEST_TARGET_NAME = diaBeatIt;
			};
			name = Debug;
		};
		9AEA6C8E2C1D200D001DBA4A /* Release */ = {
			isa = XCBuildConfiguration;
			buildSettings = {
				ALWAYS_EMBED_SWIFT_STANDARD_LIBRARIES = YES;
				CODE_SIGN_STYLE = Automatic;
				CURRENT_PROJECT_VERSION = 1;
				DEVELOPMENT_TEAM = 6L4F4V2XTM;
				GENERATE_INFOPLIST_FILE = YES;
				MARKETING_VERSION = 1.0;
				PRODUCT_BUNDLE_IDENTIFIER = MedQ.diaBeatItUITests;
				PRODUCT_NAME = "$(TARGET_NAME)";
				SWIFT_EMIT_LOC_STRINGS = NO;
				SWIFT_VERSION = 5.0;
				TARGETED_DEVICE_FAMILY = "1,2";
				TEST_TARGET_NAME = diaBeatIt;
			};
			name = Release;
		};
/* End XCBuildConfiguration section */

/* Begin XCConfigurationList section */
		9AEA6C5D2C1D200C001DBA4A /* Build configuration list for PBXProject "dontDiaQuick" */ = {
			isa = XCConfigurationList;
			buildConfigurations = (
				9AEA6C842C1D200D001DBA4A /* Debug */,
				9AEA6C852C1D200D001DBA4A /* Release */,
			);
			defaultConfigurationIsVisible = 0;
			defaultConfigurationName = Release;
		};
		9AEA6C862C1D200D001DBA4A /* Build configuration list for PBXNativeTarget "dontDiaQuick" */ = {
			isa = XCConfigurationList;
			buildConfigurations = (
				9AEA6C872C1D200D001DBA4A /* Debug */,
				9AEA6C882C1D200D001DBA4A /* Release */,
			);
			defaultConfigurationIsVisible = 0;
			defaultConfigurationName = Release;
		};
		9AEA6C892C1D200D001DBA4A /* Build configuration list for PBXNativeTarget "dontDiaQuickTests" */ = {
			isa = XCConfigurationList;
			buildConfigurations = (
				9AEA6C8A2C1D200D001DBA4A /* Debug */,
				9AEA6C8B2C1D200D001DBA4A /* Release */,
			);
			defaultConfigurationIsVisible = 0;
			defaultConfigurationName = Release;
		};
		9AEA6C8C2C1D200D001DBA4A /* Build configuration list for PBXNativeTarget "dontDiaQuickUITests" */ = {
			isa = XCConfigurationList;
			buildConfigurations = (
				9AEA6C8D2C1D200D001DBA4A /* Debug */,
				9AEA6C8E2C1D200D001DBA4A /* Release */,
			);
			defaultConfigurationIsVisible = 0;
			defaultConfigurationName = Release;
		};
/* End XCConfigurationList section */
	};
	rootObject = 9AEA6C5A2C1D200C001DBA4A /* Project object */;
}
